{
  "name": "@jsonwisdom/farcaster-verify",
  "version": "0.1.1",
  "lockfileVersion": 3,
  "requires": true,
  "packages": {
    "": {
      "name": "@jsonwisdom/farcaster-verify",
      "version": "0.1.1",
      "license": "MIT",
      "dependencies": {
        "json-canonicalize": "^1.0.6"
      },
      "bin": {
        "farcaster-verify-fuzz": "scripts/fuzz-manifest-vectors.js",
        "farcaster-verify-invalid": "scripts/invalid-vectors.js",
        "farcaster-verify-lock": "scripts/verify-manifest-lock.js",
        "farcaster-verify-rfc8785": "scripts/rfc8785-test-vectors.js",
        "farcaster-verify-semantic": "scripts/semantic-verify.js"
      }
    },
    "node_modules/json-canonicalize": {
      "version": "1.2.0",
      "resolved": "https://registry.npmjs.org/json-canonicalize/-/json-canonicalize-1.2.0.tgz",
      "integrity": "sha512-TTdjBvqrqJKSADlEsY5rWbx8/1tOrVlTR/aSLU8N2VSInCTffP0p+byYB8Es+OmL4ZOeEftjUdvV+eJeSzJC/Q==",
      "license": "MIT"
    }
  }
}
